container_lock:
  arch_amd64_latest: "sha256:39eb380e66e28c018765d4e1f23cd382c4658bcb2dfad5aabfc488b74ffaa7cc"
  arch_arm64_latest: "sha256:d52ad36df5441308d17a4064cfdfe259fdb85a0e28bb9230e8cf0ee2d877ff09"
  chimera_latest: "sha256:29102d7e12a1f464707d7aba19ce53e652d277861838ed4129178d0655444b1a"
  debian_latest: "sha256:9cc080028c43b27d2074d63a5f9caf7166d731494965616c1a6d2827a004585c"
  fedora_latest: "sha256:43b29f65a41eb9c35e1cd5323e3bdf3b655c2357a9f4f1ff2f9c2798e5045d80"
  ubuntu_latest: "sha256:da6fc2be547864451aa253836dd926da33623312df4a9a243e35dc877c378a78"
