container_lock:
  arch_amd64_latest: "sha256:070e08491c82e0a456d9b0623f1f60d19bce4ec86f6835acfb3080d17e147a36"
  arch_arm64_latest: "sha256:d52ad36df5441308d17a4064cfdfe259fdb85a0e28bb9230e8cf0ee2d877ff09"
  chimera_latest: "sha256:29102d7e12a1f464707d7aba19ce53e652d277861838ed4129178d0655444b1a"
  debian_latest: "sha256:34cd9e9fd437c0a095ec39cb2e73422c9f30821b0d0848ed74fd0d43bae4d958"
  fedora_latest: "sha256:6c75d5bf57cb0fa5aa4b92c6a83c86c791644496d9ac230de7711f5b8ec3b898"
  ubuntu_latest: "sha256:2260313b31c8c011cd2eebe728008efac1b3982be73eb71348ea2648d2c0e09b"
