container_lock:
  arch_amd64_latest: "sha256:ac4aa3d9df707ac65fa820ba40cae05e7632b559b129c62b9588aa6602db7509"
  arch_arm64_latest: "sha256:d52ad36df5441308d17a4064cfdfe259fdb85a0e28bb9230e8cf0ee2d877ff09"
  chimera_latest: "sha256:29102d7e12a1f464707d7aba19ce53e652d277861838ed4129178d0655444b1a"
  debian_latest: "sha256:4ae67669760b807c19f23902a3fd7c121a6a70cf2ae709035674b23e712e4d62"
  fedora_latest: "sha256:6c75d5bf57cb0fa5aa4b92c6a83c86c791644496d9ac230de7711f5b8ec3b898"
  ubuntu_latest: "sha256:f3d28607ddd78734bb7f71f117f3c6706c666b8b76cbff7c9ff6e5718d46ff64"
