externals_lock:
  86box_assets: "83547e9e6077350fdb960541b7a4ad540a76a6c2"
  86box_roms: "2bc04a2deeee1d4a2e9394bf66307b5760b4dac7"
  anthropic_official_plugins: "6b70f99f769f58b9b642dc8a271936b17862cf8c"
  astral: "f3ce88a7ba830f53afd6d944c1d0278ed318e142"
  beanbaginc_dev_goodies: "61fec42ad35352f3c1ada707cb4419879f68bd97"
  bitbake_syntax: "92f657768e8f5544fb631112ea38beee3cde2fe8"
  dracula_bbedit: "038d50d8ce01349012cf815bbef855a1793c4fea"
  dracula_zed: "08a007ef54231a6144fcb04a764912651f015bc4"
  fumiyas_home_commands: "fbaa85f209e38a0d865002429fea685ceb7869c0"
  knu_zsh_git_escape_magic: "62af4f6a66601a517e168039614e5b528741a844"
  knu_zsh_manydots_magic: "4372de0718714046f0c7ef87b43fc0a598896af6"
  madx_moreutils: "5ca552dd82dc3ef5ee0d388716148c5a653b72bb"
  retroarch: "1bc83370475ca9a187b148c636d1042963bbce0e"
  steamtinkerlaunch: "8550ab26a712b7f5f6d0947070181446b9de61fd"
  superpowers: "7e516434f2a30114300efc9247db32fb37daa5f9"
  wsl_open: "6419bb63845acd0533f30bdc8258f8df5fbb25cb"
  zsh_autosuggestions: "85919cd1ffa7d2d5412f6d3fe437ebdbeeec4fc5"
  zsh_bd: "646f06d9b6a840926a671fdc2da196d4eecfc305"
  zsh_syntax_highlighting: "1d85c692615a25fe2293bdd44b34c217d5d2bf04"
  zsh_windows_terminal_integration: "b32caefa23901e3bd2ece1ea530eb301c428b7e9"
