fetch_lock:
  codex_linux-chimera_amd64_release: "f558105aec12bf6fb33570793adfc089f8b41dc32aced60b8b4fba9b451824ac"
  codex_linux-chimera_arm64_release: "05de65ee7b6bd02038e720cc313941d5ec6794718e4261bd28fd83b93fe34d43"
  codex_linux_amd64_release: "f558105aec12bf6fb33570793adfc089f8b41dc32aced60b8b4fba9b451824ac"
  codex_linux_arm64_release: "05de65ee7b6bd02038e720cc313941d5ec6794718e4261bd28fd83b93fe34d43"
  codex_macos_amd64_release: "975f6ec22659595f16fed4e531c03251c03bc0fd5cb5490d66fd553f4d2f1f50"
  codex_macos_arm64_release: "337c5eb270d24bd556c46ad7814db62c2464b1eb0a253106bc98678dbd781821"
  codex_windows_amd64_release: "5c637de281a67a0f7ba0c3d2334d3a8f04f4091a37ba0396cc6aea73c2fc8972"
  codex_windows_arm64_release: "303856c1043756f888b4c4f0377ee365f4bd82be7426eb6b39aebfd9ec19a642"
  eget_installer: "0e64b8a3c13f531da005096cc364ac77835bda54276fedef6c62f3dbdc1ee919"
  kitty_installer: "339346cf3811a77a47588b7bd7ca608f10e09470faea259b6a32c7e7c9ee3e9e"
  rusage: "270e10853812f6c650f0eb4773354070a398f41738b95c4cb9f7e2f918d4833b"
  zed_installer: "0fba83da4b7ea9ce7e2f042037b8e7ffdb7def73953bba0cd066d870a7ed51c3"
