fetch_lock:
  codex_linux-chimera_amd64_release: "5ba3b9405543953081f661d0854d266f76e2abbe51d41349355a36de7673776a"
  codex_linux-chimera_arm64_release: "975bac91562abeedeb8f79636d51a86649b31f34a9de6a3bcb059565b6cf1f87"
  codex_linux_amd64_release: "5ba3b9405543953081f661d0854d266f76e2abbe51d41349355a36de7673776a"
  codex_linux_arm64_release: "975bac91562abeedeb8f79636d51a86649b31f34a9de6a3bcb059565b6cf1f87"
  codex_macos_amd64_release: "710d727b0fa2b4ab2189eb1bdc5ab40177c168296af264913eb7ab3ce848d04b"
  codex_macos_arm64_release: "2750132d300e64f1dbffb95e3d913fd9c9dc7812bc8e1bce5c61357248b7929e"
  codex_windows_amd64_release: "6e7c284f682723747372e7bee69d97c08d41cead022b25770a5a3ff86f12528d"
  codex_windows_arm64_release: "6405e86128b3d8eee92b5e808c9c63d7942230fe6ee3a193c990e657d7b2d3a4"
  eget_installer: "0e64b8a3c13f531da005096cc364ac77835bda54276fedef6c62f3dbdc1ee919"
  kitty_installer: "339346cf3811a77a47588b7bd7ca608f10e09470faea259b6a32c7e7c9ee3e9e"
  rusage: "270e10853812f6c650f0eb4773354070a398f41738b95c4cb9f7e2f918d4833b"
  zed_installer: "0fba83da4b7ea9ce7e2f042037b8e7ffdb7def73953bba0cd066d870a7ed51c3"
