fetch_lock:
  codex_linux-chimera_amd64_release: "a822187e1a2420c61c5926721bfbd878701ed95547c9bb0d4de4498a16ba1821"
  codex_linux-chimera_arm64_release: "fc395cb043a1093ab0db34f44aba3199bfaa9ce640cd9be7fd588f44b0da64a4"
  codex_linux_amd64_release: "a822187e1a2420c61c5926721bfbd878701ed95547c9bb0d4de4498a16ba1821"
  codex_linux_arm64_release: "fc395cb043a1093ab0db34f44aba3199bfaa9ce640cd9be7fd588f44b0da64a4"
  codex_macos_amd64_release: "3ee638d7155c856ef31f3f4a85cb2195de1939962d3924c935b24f0514564a3d"
  codex_macos_arm64_release: "35438da1fbf7a6db7ddb3bcec84448fa6015ba188461472a97d9d1da7d9c4353"
  codex_windows_amd64_release: "a6ef3442cb12766a88b39311d79244289e4f9763e2c53ff4fbebc2cb653cc5f3"
  codex_windows_arm64_release: "ac51b1a5932e07dffcaa6e98f4801f13b25192094739b732fc8b40ddb41bbda2"
  eget_installer: "0e64b8a3c13f531da005096cc364ac77835bda54276fedef6c62f3dbdc1ee919"
  kitty_installer: "339346cf3811a77a47588b7bd7ca608f10e09470faea259b6a32c7e7c9ee3e9e"
  rusage: "270e10853812f6c650f0eb4773354070a398f41738b95c4cb9f7e2f918d4833b"
  zed_installer: "c42e96c9e3da1fae61ac11b0922ad033e8fcac3c34b44303805ad3796081b502"
