git_lock:
  86box_assets: "82de0b6c1e070e606c5ca23ac3a33c2c486ece26"
  86box_roms: "ecb8928787c9e1d46cb4baa23ba6ed3f34f7b547"
  anthropic_official_plugins: "f713a7c59b729741282f9c2d9a04e28e2abbd20c"
  astral: "f3ce88a7ba830f53afd6d944c1d0278ed318e142"
  avoid_ai_writing: "905aca7b8155bf3c5dc6d974303c8e6d61d8831f"
  bat_extras: "v2024.08.24"
  beanbaginc_dev_goodies: "61fec42ad35352f3c1ada707cb4419879f68bd97"
  bitbake_syntax: "92f657768e8f5544fb631112ea38beee3cde2fe8"
  catppuccin_bat: "6810349b28055dce54076712fc05fc68da4b8ec0"
  catppuccin_glamour: "00c97fa3823d272d9d041d5d872ae6335555a776"
  claude_code: "v2.1.294"
  codex_cli: "rust-v0.161.0"
  devpod: "v0.6.15"
  distrobox: "1.8.2.5"
  dracula_bbedit: "038d50d8ce01349012cf815bbef855a1793c4fea"
  dracula_zed: "c419d710e77f22ec4e4e8481324b93ef0916d368"
  fumiyas_home_commands: "861e89cb24c7746e32bcd58ca6ae8df0f07d7a82"
  fzf_tab: "v1.3.0"
  gh_dash: "v4.26.0"
  gh_pr_review: "v1.6.2"
  gh_pr_review_skill: "db2ffdf804f82124e172fcfe296a63a6d2324c69"
  gh_stack: "v0.2.0"
  gist_zsh_timing: "2d88b477c29de14250ba03650745348781077ae8"
  git_assembler: "94af28bc65e6db58c21f245e7d5c38cafdfcc786"
  git_extras: "7.5.0"
  goodlinksctl: "f9433adc1da8a252de5d6f400c76b75f2ed0eab7"
  ia_fonts: "c6588670c71e9ac628acc27b72cde4bf12726b7f"
  kitty: "v0.49.2"
  knu_zsh_git_escape_magic: "62af4f6a66601a517e168039614e5b528741a844"
  knu_zsh_manydots_magic: "4372de0718714046f0c7ef87b43fc0a598896af6"
  korg_helpers: "19b2ad24fc056e1bf4fee1898d36381dd13c663d"
  madx_moreutils: "5ca552dd82dc3ef5ee0d388716148c5a653b72bb"
  nix_zsh_completions: "0.5.1"
  pi: "v1.1.0"
  plasma_applet_commandoutput: "b2b5a3f05a5613fd4f57f448c34814f65e18a21f"
  powerlevel10k: "v1.20.0"
  powerlevel10k_media: "145eb9fbc2f42ee408dacd9b22d8e6e0e553f83d"
  retroarch: "21b1255f9cc3e730cfedf58ef934772ea600a4b6"
  steamtinkerlaunch: "8550ab26a712b7f5f6d0947070181446b9de61fd"
  superpowers: "8ca22dba9a94f28898bbce59f2537ff4d87c747d"
  vim_profiler: "d4fda79830528ffb6cce895448ac10b502f9f756"
  wsl_open: "6419bb63845acd0533f30bdc8258f8df5fbb25cb"
  zed: "v1.23.2"
  zsh_autosuggestions: "85919cd1ffa7d2d5412f6d3fe437ebdbeeec4fc5"
  zsh_bd: "646f06d9b6a840926a671fdc2da196d4eecfc305"
  zsh_completions: "0.36.0"
  zsh_history_substring_search: "v1.1.0"
  zsh_nix_shell: "v0.8.0"
  zsh_syntax_highlighting: "0bfcb582e71d3abe604ce67bc0fe5a21f377507e"
  zsh_transient_prompt: "v1.0.1"
