git_lock:
  86box_assets: "83547e9e6077350fdb960541b7a4ad540a76a6c2"
  86box_roms: "34445a5683402b8ee6f2b09feba242e04eaaf17d"
  anthropic_official_plugins: "b091cb4179d3b62a6e2a39910461c7ec7165b1ef"
  astral: "f3ce88a7ba830f53afd6d944c1d0278ed318e142"
  avoid_ai_writing: "6820d7daea32afb411e751bd9688c146cf9353f1"
  bat_extras: "v2024.08.24"
  beanbaginc_dev_goodies: "61fec42ad35352f3c1ada707cb4419879f68bd97"
  bitbake_syntax: "92f657768e8f5544fb631112ea38beee3cde2fe8"
  claude_code: "v2.1.89"
  devpod: "v0.6.15"
  distrobox: "1.8.2.4"
  dracula_bbedit: "038d50d8ce01349012cf815bbef855a1793c4fea"
  dracula_zed: "08a007ef54231a6144fcb04a764912651f015bc4"
  fumiyas_home_commands: "861e89cb24c7746e32bcd58ca6ae8df0f07d7a82"
  fzf_tab: "v1.3.0"
  gh_pr_review: "v1.6.2"
  gh_pr_review_skill: "db2ffdf804f82124e172fcfe296a63a6d2324c69"
  gist_zbell: "e0b06247f3ecd6ca3de341c54ba8d85de7ef6566"
  gist_zsh_timing: "2d88b477c29de14250ba03650745348781077ae8"
  git_assembler: "e8cf3b24c4322f08217271de65dbce0a22505c3a"
  git_extras: "7.4.0"
  ia_fonts: "f32c04c3058a75d7ce28919ce70fe8800817491b"
  kitty: "v0.46.2"
  knu_zsh_git_escape_magic: "62af4f6a66601a517e168039614e5b528741a844"
  knu_zsh_manydots_magic: "4372de0718714046f0c7ef87b43fc0a598896af6"
  korg_helpers: "3cd422ea7cf306572abea2b9e5f56548a474c37a"
  madx_moreutils: "5ca552dd82dc3ef5ee0d388716148c5a653b72bb"
  nix_zsh_completions: "0.5.1"
  plasma_applet_commandoutput: "b2b5a3f05a5613fd4f57f448c34814f65e18a21f"
  powerlevel10k: "v1.20.0"
  powerlevel10k_media: "145eb9fbc2f42ee408dacd9b22d8e6e0e553f83d"
  readwise_reader_desktop: "reader-desktop-v0.1.2615"
  retroarch: "7cca8d7d228eb1d5bf206af953b6c8620c902234"
  steamtinkerlaunch: "8550ab26a712b7f5f6d0947070181446b9de61fd"
  superpowers: "dd237283dbfe466e11bd4be55acf14ecb8f6636e"
  vim_profiler: "d4fda79830528ffb6cce895448ac10b502f9f756"
  wsl_open: "6419bb63845acd0533f30bdc8258f8df5fbb25cb"
  zed: "v0.229.0"
  zsh_autosuggestions: "85919cd1ffa7d2d5412f6d3fe437ebdbeeec4fc5"
  zsh_bd: "646f06d9b6a840926a671fdc2da196d4eecfc305"
  zsh_completions: "0.36.0"
  zsh_history_substring_search: "v1.1.0"
  zsh_nix_shell: "v0.8.0"
  zsh_syntax_highlighting: "1d85c692615a25fe2293bdd44b34c217d5d2bf04"
